
Microsoft Visual Studio Solution File, Format Version 12.00
# Visual Studio 15
VisualStudioVersion = 15.0.26730.16
MinimumVisualStudioVersion = 10.0.40219.1
Project("{FAE04EC0-301F-11D3-BF4B-00C04F79EFBC}") = "IdentityExample001", "IdentityExample001\IdentityExample001.csproj", "{7A57D5DB-BC3A-4719-9159-5F9CC84F6D19}"
EndProject
Global
	GlobalSection(SolutionConfigurationPlatforms) = preSolution
		Debug|Any CPU = Debug|Any CPU
		Release|Any CPU = Release|Any CPU
	EndGlobalSection
	GlobalSection(ProjectConfigurationPlatforms) = postSolution
		{7A57D5DB-BC3A-4719-9159-5F9CC84F6D19}.Debug|Any CPU.ActiveCfg = Debug|Any CPU
		{7A57D5DB-BC3A-4719-9159-5F9CC84F6D19}.Debug|Any CPU.Build.0 = Debug|Any CPU
		{7A57D5DB-BC3A-4719-9159-5F9CC84F6D19}.Release|Any CPU.ActiveCfg = Release|Any CPU
		{7A57D5DB-BC3A-4719-9159-5F9CC84F6D19}.Release|Any CPU.Build.0 = Release|Any CPU
	EndGlobalSection
	GlobalSection(SolutionProperties) = preSolution
		HideSolutionNode = FALSE
	EndGlobalSection
	GlobalSection(ExtensibilityGlobals) = postSolution
		SolutionGuid = {D443CC05-B404-41A4-A68A-A9C704CA889D}
	EndGlobalSection
EndGlobal
